{
  "lockfile_version": "1",
  "packages": {
    "github:NixOS/nixpkgs/nixpkgs-unstable": {
      "last_modified": "2025-04-13T09:22:33Z",
      "resolved": "github:NixOS/nixpkgs/18dd725c29603f582cf1900e0d25f9f1063dbf11?lastModified=1744536153&narHash=sha256-awS2zRgF4uTwrOKwwiJcByDzDOdo3Q1rPZbiHQg%2FN38%3D"
    },
    "github:tomsjansons/sqlc-gen-from-template/1261abe3934b088389855dfc790a3a0abbaac286": {
      "last_modified": "1970-01-01T00:00:00Z",
      "resolved": "github:tomsjansons/sqlc-gen-from-template/1261abe3934b088389855dfc790a3a0abbaac286"
    }
  }
}
