{
  "version": "4",
  "specifiers": {
    "jsr:@valibot/valibot@0.42": "0.42.1"
  },
  "jsr": {
    "@valibot/valibot@0.42.1": {
      "integrity": "ba0f6f7964aaeec0e4b1f793d575061f325ae6254cbb9d7ff01fb65068a0a23b"
    }
  },
  "workspace": {
    "members": {
      "deploy-handler": {
        "dependencies": [
          "jsr:@valibot/valibot@0.42.1"
        ]
      },
      "map-data-handler": {
        "dependencies": [
          "jsr:@valibot/valibot@0.42.1",
          "npm:@tmcw/togeojson@6",
          "npm:p-queue@8",
          "npm:xmldom@0.6"
        ]
      },
      "packages/env": {
        "dependencies": [
          "jsr:@valibot/valibot@0.42"
        ]
      },
      "packages/lib": {
        "dependencies": [
          "jsr:@valibot/valibot@0.42.1"
        ]
      },
      "packages/logging": {
        "dependencies": [
          "npm:pino@9"
        ]
      },
      "router-handler": {
        "dependencies": [
          "jsr:@valibot/valibot@0.42.1"
        ]
      }
    }
  }
}
