{
  "version": "4",
  "specifiers": {
    "jsr:@db/sqlite@0.12": "0.12.0",
    "jsr:@denosaurs/plug@1": "1.0.6",
    "jsr:@logtape/logtape@0.8.0": "0.8.0",
    "jsr:@std/assert@0.217": "0.217.0",
    "jsr:@std/assert@0.221": "0.221.0",
    "jsr:@std/encoding@0.221": "0.221.0",
    "jsr:@std/fmt@0.221": "0.221.0",
    "jsr:@std/fs@0.221": "0.221.0",
    "jsr:@std/path@0.217": "0.217.0",
    "jsr:@std/path@0.221": "0.221.0",
    "jsr:@std/yaml@1.0.5": "1.0.5",
    "jsr:@valibot/valibot@0.42.1": "0.42.1",
    "npm:flat@*": "6.0.1",
    "npm:postgres@*": "3.4.5"
  },
  "jsr": {
    "@db/sqlite@0.12.0": {
      "integrity": "dd1ef7f621ad50fc1e073a1c3609c4470bd51edc0994139c5bf9851de7a6d85f",
      "dependencies": [
        "jsr:@denosaurs/plug",
        "jsr:@std/path@0.217"
      ]
    },
    "@denosaurs/plug@1.0.6": {
      "integrity": "6cf5b9daba7799837b9ffbe89f3450510f588fafef8115ddab1ff0be9cb7c1a7",
      "dependencies": [
        "jsr:@std/encoding",
        "jsr:@std/fmt",
        "jsr:@std/fs",
        "jsr:@std/path@0.221"
      ]
    },
    "@logtape/logtape@0.8.0": {
      "integrity": "12bdf406a713f754d99c2ff65deb45127ce4e2c59e7136d608042250629428bd"
    },
    "@std/assert@0.217.0": {
      "integrity": "c98e279362ca6982d5285c3b89517b757c1e3477ee9f14eb2fdf80a45aaa9642"
    },
    "@std/assert@0.221.0": {
      "integrity": "a5f1aa6e7909dbea271754fd4ab3f4e687aeff4873b4cef9a320af813adb489a"
    },
    "@std/encoding@0.221.0": {
      "integrity": "d1dd76ef0dc5d14088411e6dc1dede53bf8308c95d1537df1214c97137208e45"
    },
    "@std/fmt@0.221.0": {
      "integrity": "379fed69bdd9731110f26b9085aeb740606b20428ce6af31ef6bd45ef8efa62a"
    },
    "@std/fs@0.221.0": {
      "integrity": "028044450299de8ed5a716ade4e6d524399f035513b85913794f4e81f07da286",
      "dependencies": [
        "jsr:@std/assert@0.221",
        "jsr:@std/path@0.221"
      ]
    },
    "@std/path@0.217.0": {
      "integrity": "1217cc25534bca9a2f672d7fe7c6f356e4027df400c0e85c0ef3e4343bc67d11",
      "dependencies": [
        "jsr:@std/assert@0.217"
      ]
    },
    "@std/path@0.221.0": {
      "integrity": "0a36f6b17314ef653a3a1649740cc8db51b25a133ecfe838f20b79a56ebe0095",
      "dependencies": [
        "jsr:@std/assert@0.221"
      ]
    },
    "@std/yaml@1.0.5": {
      "integrity": "71ba3d334305ee2149391931508b2c293a8490f94a337eef3a09cade1a2a2742"
    },
    "@valibot/valibot@0.42.1": {
      "integrity": "ba0f6f7964aaeec0e4b1f793d575061f325ae6254cbb9d7ff01fb65068a0a23b"
    }
  },
  "npm": {
    "flat@6.0.1": {
      "integrity": "sha512-/3FfIa8mbrg3xE7+wAhWeV+bd7L2Mof+xtZb5dRDKZ+wDvYJK4WDYeIOuOhre5Yv5aQObZrlbRmk3RTSiuQBtw=="
    },
    "postgres@3.4.5": {
      "integrity": "sha512-cDWgoah1Gez9rN3H4165peY9qfpEo+SA61oQv65O3cRUE1pOEoJWwddwcqKE8XZYjbblOJlYDlLV4h67HrEVDg=="
    }
  },
  "workspace": {
    "members": {
      "deploy-handler": {
        "dependencies": [
          "jsr:@valibot/valibot@0.42.1"
        ]
      },
      "lib": {
        "dependencies": [
          "jsr:@db/sqlite@0.12",
          "jsr:@logtape/logtape@0.8.0",
          "jsr:@std/yaml@1.0.5",
          "jsr:@valibot/valibot@0.42.1",
          "npm:flat@*",
          "npm:postgres@*"
        ]
      },
      "map-data-handler": {
        "dependencies": [
          "jsr:@valibot/valibot@0.42.1",
          "npm:@tmcw/togeojson@*",
          "npm:p-queue@8",
          "npm:postgres@*",
          "npm:xmldom@*"
        ]
      },
      "router-handler": {
        "dependencies": [
          "jsr:@valibot/valibot@0.42.1",
          "npm:postgres@*"
        ]
      }
    }
  }
}
